
Microsoft Visual Studio Solution File, Format Version 12.00
# Visual Studio Version 17
VisualStudioVersion = 17.1.32210.238
MinimumVisualStudioVersion = 10.0.40219.1
Project("{8BC9CEB8-8B4A-11D0-8D11-00A0C91BC942}") = "weec", "weec\weec.vcxproj", "{4A495829-3E46-474F-BFA8-B5F46FAA759B}"
EndProject
Project("{8BC9CEB8-8B4A-11D0-8D11-00A0C91BC942}") = "weec_test", "weec_test\weec_test.vcxproj", "{288B9C32-846D-49D4-850A-6C5B17391E5E}"
	ProjectSection(ProjectDependencies) = postProject
		{4A495829-3E46-474F-BFA8-B5F46FAA759B} = {4A495829-3E46-474F-BFA8-B5F46FAA759B}
	EndProjectSection
EndProject
Project("{8BC9CEB8-8B4A-11D0-8D11-00A0C91BC942}") = "wcc", "wcc\wcc.vcxproj", "{4E2CC6C1-3B3B-49D7-99BE-9A75D60F4379}"
EndProject
Project("{8BC9CEB8-8B4A-11D0-8D11-00A0C91BC942}") = "IDE", "IDE\IDE.vcxproj", "{BD7CE1A2-0CB1-43DB-85F9-E84EAB06EEC6}"
EndProject
Global
	GlobalSection(SolutionConfigurationPlatforms) = preSolution
		Debug|x64 = Debug|x64
		Debug|x86 = Debug|x86
		Release|x64 = Release|x64
		Release|x86 = Release|x86
	EndGlobalSection
	GlobalSection(ProjectConfigurationPlatforms) = postSolution
		{4A495829-3E46-474F-BFA8-B5F46FAA759B}.Debug|x64.ActiveCfg = Debug|x64
		{4A495829-3E46-474F-BFA8-B5F46FAA759B}.Debug|x64.Build.0 = Debug|x64
		{4A495829-3E46-474F-BFA8-B5F46FAA759B}.Debug|x86.ActiveCfg = Debug|Win32
		{4A495829-3E46-474F-BFA8-B5F46FAA759B}.Debug|x86.Build.0 = Debug|Win32
		{4A495829-3E46-474F-BFA8-B5F46FAA759B}.Release|x64.ActiveCfg = Release|x64
		{4A495829-3E46-474F-BFA8-B5F46FAA759B}.Release|x64.Build.0 = Release|x64
		{4A495829-3E46-474F-BFA8-B5F46FAA759B}.Release|x86.ActiveCfg = Release|Win32
		{4A495829-3E46-474F-BFA8-B5F46FAA759B}.Release|x86.Build.0 = Release|Win32
		{288B9C32-846D-49D4-850A-6C5B17391E5E}.Debug|x64.ActiveCfg = Debug|x64
		{288B9C32-846D-49D4-850A-6C5B17391E5E}.Debug|x64.Build.0 = Debug|x64
		{288B9C32-846D-49D4-850A-6C5B17391E5E}.Debug|x86.ActiveCfg = Debug|Win32
		{288B9C32-846D-49D4-850A-6C5B17391E5E}.Debug|x86.Build.0 = Debug|Win32
		{288B9C32-846D-49D4-850A-6C5B17391E5E}.Release|x64.ActiveCfg = Release|x64
		{288B9C32-846D-49D4-850A-6C5B17391E5E}.Release|x64.Build.0 = Release|x64
		{288B9C32-846D-49D4-850A-6C5B17391E5E}.Release|x86.ActiveCfg = Release|Win32
		{288B9C32-846D-49D4-850A-6C5B17391E5E}.Release|x86.Build.0 = Release|Win32
		{4E2CC6C1-3B3B-49D7-99BE-9A75D60F4379}.Debug|x64.ActiveCfg = Debug|x64
		{4E2CC6C1-3B3B-49D7-99BE-9A75D60F4379}.Debug|x64.Build.0 = Debug|x64
		{4E2CC6C1-3B3B-49D7-99BE-9A75D60F4379}.Debug|x86.ActiveCfg = Debug|Win32
		{4E2CC6C1-3B3B-49D7-99BE-9A75D60F4379}.Debug|x86.Build.0 = Debug|Win32
		{4E2CC6C1-3B3B-49D7-99BE-9A75D60F4379}.Release|x64.ActiveCfg = Release|x64
		{4E2CC6C1-3B3B-49D7-99BE-9A75D60F4379}.Release|x64.Build.0 = Release|x64
		{4E2CC6C1-3B3B-49D7-99BE-9A75D60F4379}.Release|x86.ActiveCfg = Release|Win32
		{4E2CC6C1-3B3B-49D7-99BE-9A75D60F4379}.Release|x86.Build.0 = Release|Win32
		{BD7CE1A2-0CB1-43DB-85F9-E84EAB06EEC6}.Debug|x64.ActiveCfg = Debug|x64
		{BD7CE1A2-0CB1-43DB-85F9-E84EAB06EEC6}.Debug|x64.Build.0 = Debug|x64
		{BD7CE1A2-0CB1-43DB-85F9-E84EAB06EEC6}.Debug|x86.ActiveCfg = Debug|x64
		{BD7CE1A2-0CB1-43DB-85F9-E84EAB06EEC6}.Debug|x86.Build.0 = Debug|x64
		{BD7CE1A2-0CB1-43DB-85F9-E84EAB06EEC6}.Release|x64.ActiveCfg = Release|x64
		{BD7CE1A2-0CB1-43DB-85F9-E84EAB06EEC6}.Release|x64.Build.0 = Release|x64
		{BD7CE1A2-0CB1-43DB-85F9-E84EAB06EEC6}.Release|x86.ActiveCfg = Release|x64
		{BD7CE1A2-0CB1-43DB-85F9-E84EAB06EEC6}.Release|x86.Build.0 = Release|x64
	EndGlobalSection
	GlobalSection(SolutionProperties) = preSolution
		HideSolutionNode = FALSE
	EndGlobalSection
	GlobalSection(ExtensibilityGlobals) = postSolution
		SolutionGuid = {BCB69D20-4824-4875-A79B-137590E5827D}
	EndGlobalSection
EndGlobal
