
Microsoft Visual Studio Solution File, Format Version 12.00
# Visual Studio 15
VisualStudioVersion = 15.0.27004.2002
MinimumVisualStudioVersion = 10.0.40219.1
Project("{8BC9CEB8-8B4A-11D0-8D11-00A0C91BC942}") = "weec", "weec\weec.vcxproj", "{8CA162B1-8577-43B8-8730-A6BD34CCAFE7}"
EndProject
Project("{8BC9CEB8-8B4A-11D0-8D11-00A0C91BC942}") = "wcc", "wcc\wcc.vcxproj", "{4EEC2D34-D36A-47E5-AB74-2939A871C6B0}"
	ProjectSection(ProjectDependencies) = postProject
		{8CA162B1-8577-43B8-8730-A6BD34CCAFE7} = {8CA162B1-8577-43B8-8730-A6BD34CCAFE7}
	EndProjectSection
EndProject
Project("{8BC9CEB8-8B4A-11D0-8D11-00A0C91BC942}") = "wcvm", "wcvm\wcvm.vcxproj", "{61563DDA-0E2C-4E86-8764-1BF4C5EF1715}"
	ProjectSection(ProjectDependencies) = postProject
		{8CA162B1-8577-43B8-8730-A6BD34CCAFE7} = {8CA162B1-8577-43B8-8730-A6BD34CCAFE7}
	EndProjectSection
EndProject
Project("{8BC9CEB8-8B4A-11D0-8D11-00A0C91BC942}") = "weec_test", "weec_test\weec_test.vcxproj", "{30C83087-8091-4D75-BCFF-9C0265F35056}"
	ProjectSection(ProjectDependencies) = postProject
		{E444A304-AC8E-45EC-88F9-B0E06A09EE99} = {E444A304-AC8E-45EC-88F9-B0E06A09EE99}
		{4EEC2D34-D36A-47E5-AB74-2939A871C6B0} = {4EEC2D34-D36A-47E5-AB74-2939A871C6B0}
		{8CA162B1-8577-43B8-8730-A6BD34CCAFE7} = {8CA162B1-8577-43B8-8730-A6BD34CCAFE7}
		{69CE0FB9-99CF-4A40-A0AB-E39F5050054E} = {69CE0FB9-99CF-4A40-A0AB-E39F5050054E}
		{61563DDA-0E2C-4E86-8764-1BF4C5EF1715} = {61563DDA-0E2C-4E86-8764-1BF4C5EF1715}
	EndProjectSection
EndProject
Project("{FAE04EC0-301F-11D3-BF4B-00C04F79EFBC}") = "wcIDE", "wcIDE\wcIDE.csproj", "{69CE0FB9-99CF-4A40-A0AB-E39F5050054E}"
	ProjectSection(ProjectDependencies) = postProject
		{4EEC2D34-D36A-47E5-AB74-2939A871C6B0} = {4EEC2D34-D36A-47E5-AB74-2939A871C6B0}
		{8CA162B1-8577-43B8-8730-A6BD34CCAFE7} = {8CA162B1-8577-43B8-8730-A6BD34CCAFE7}
		{61563DDA-0E2C-4E86-8764-1BF4C5EF1715} = {61563DDA-0E2C-4E86-8764-1BF4C5EF1715}
	EndProjectSection
EndProject
Project("{8BC9CEB8-8B4A-11D0-8D11-00A0C91BC942}") = "wasm", "wasm\wasm.vcxproj", "{E444A304-AC8E-45EC-88F9-B0E06A09EE99}"
	ProjectSection(ProjectDependencies) = postProject
		{8CA162B1-8577-43B8-8730-A6BD34CCAFE7} = {8CA162B1-8577-43B8-8730-A6BD34CCAFE7}
	EndProjectSection
EndProject
Global
	GlobalSection(SolutionConfigurationPlatforms) = preSolution
		Debug|Any CPU = Debug|Any CPU
		Debug|x64 = Debug|x64
		Debug|x86 = Debug|x86
		Release|Any CPU = Release|Any CPU
		Release|x64 = Release|x64
		Release|x86 = Release|x86
	EndGlobalSection
	GlobalSection(ProjectConfigurationPlatforms) = postSolution
		{8CA162B1-8577-43B8-8730-A6BD34CCAFE7}.Debug|Any CPU.ActiveCfg = Debug|Win32
		{8CA162B1-8577-43B8-8730-A6BD34CCAFE7}.Debug|Any CPU.Build.0 = Debug|Win32
		{8CA162B1-8577-43B8-8730-A6BD34CCAFE7}.Debug|x64.ActiveCfg = Debug|x64
		{8CA162B1-8577-43B8-8730-A6BD34CCAFE7}.Debug|x64.Build.0 = Debug|x64
		{8CA162B1-8577-43B8-8730-A6BD34CCAFE7}.Debug|x86.ActiveCfg = Debug|Win32
		{8CA162B1-8577-43B8-8730-A6BD34CCAFE7}.Debug|x86.Build.0 = Debug|Win32
		{8CA162B1-8577-43B8-8730-A6BD34CCAFE7}.Release|Any CPU.ActiveCfg = Release|Win32
		{8CA162B1-8577-43B8-8730-A6BD34CCAFE7}.Release|Any CPU.Build.0 = Release|Win32
		{8CA162B1-8577-43B8-8730-A6BD34CCAFE7}.Release|x64.ActiveCfg = Release|x64
		{8CA162B1-8577-43B8-8730-A6BD34CCAFE7}.Release|x64.Build.0 = Release|x64
		{8CA162B1-8577-43B8-8730-A6BD34CCAFE7}.Release|x86.ActiveCfg = Release|Win32
		{8CA162B1-8577-43B8-8730-A6BD34CCAFE7}.Release|x86.Build.0 = Release|Win32
		{4EEC2D34-D36A-47E5-AB74-2939A871C6B0}.Debug|Any CPU.ActiveCfg = Debug|Win32
		{4EEC2D34-D36A-47E5-AB74-2939A871C6B0}.Debug|Any CPU.Build.0 = Debug|Win32
		{4EEC2D34-D36A-47E5-AB74-2939A871C6B0}.Debug|x64.ActiveCfg = Debug|x64
		{4EEC2D34-D36A-47E5-AB74-2939A871C6B0}.Debug|x64.Build.0 = Debug|x64
		{4EEC2D34-D36A-47E5-AB74-2939A871C6B0}.Debug|x86.ActiveCfg = Debug|Win32
		{4EEC2D34-D36A-47E5-AB74-2939A871C6B0}.Debug|x86.Build.0 = Debug|Win32
		{4EEC2D34-D36A-47E5-AB74-2939A871C6B0}.Release|Any CPU.ActiveCfg = Release|Win32
		{4EEC2D34-D36A-47E5-AB74-2939A871C6B0}.Release|Any CPU.Build.0 = Release|Win32
		{4EEC2D34-D36A-47E5-AB74-2939A871C6B0}.Release|x64.ActiveCfg = Release|x64
		{4EEC2D34-D36A-47E5-AB74-2939A871C6B0}.Release|x64.Build.0 = Release|x64
		{4EEC2D34-D36A-47E5-AB74-2939A871C6B0}.Release|x86.ActiveCfg = Release|Win32
		{4EEC2D34-D36A-47E5-AB74-2939A871C6B0}.Release|x86.Build.0 = Release|Win32
		{61563DDA-0E2C-4E86-8764-1BF4C5EF1715}.Debug|Any CPU.ActiveCfg = Debug|Win32
		{61563DDA-0E2C-4E86-8764-1BF4C5EF1715}.Debug|Any CPU.Build.0 = Debug|Win32
		{61563DDA-0E2C-4E86-8764-1BF4C5EF1715}.Debug|x64.ActiveCfg = Debug|x64
		{61563DDA-0E2C-4E86-8764-1BF4C5EF1715}.Debug|x64.Build.0 = Debug|x64
		{61563DDA-0E2C-4E86-8764-1BF4C5EF1715}.Debug|x86.ActiveCfg = Debug|Win32
		{61563DDA-0E2C-4E86-8764-1BF4C5EF1715}.Debug|x86.Build.0 = Debug|Win32
		{61563DDA-0E2C-4E86-8764-1BF4C5EF1715}.Release|Any CPU.ActiveCfg = Release|Win32
		{61563DDA-0E2C-4E86-8764-1BF4C5EF1715}.Release|Any CPU.Build.0 = Release|Win32
		{61563DDA-0E2C-4E86-8764-1BF4C5EF1715}.Release|x64.ActiveCfg = Release|x64
		{61563DDA-0E2C-4E86-8764-1BF4C5EF1715}.Release|x64.Build.0 = Release|x64
		{61563DDA-0E2C-4E86-8764-1BF4C5EF1715}.Release|x86.ActiveCfg = Release|Win32
		{61563DDA-0E2C-4E86-8764-1BF4C5EF1715}.Release|x86.Build.0 = Release|Win32
		{30C83087-8091-4D75-BCFF-9C0265F35056}.Debug|Any CPU.ActiveCfg = Debug|Win32
		{30C83087-8091-4D75-BCFF-9C0265F35056}.Debug|Any CPU.Build.0 = Debug|Win32
		{30C83087-8091-4D75-BCFF-9C0265F35056}.Debug|x64.ActiveCfg = Debug|x64
		{30C83087-8091-4D75-BCFF-9C0265F35056}.Debug|x64.Build.0 = Debug|x64
		{30C83087-8091-4D75-BCFF-9C0265F35056}.Debug|x86.ActiveCfg = Debug|Win32
		{30C83087-8091-4D75-BCFF-9C0265F35056}.Debug|x86.Build.0 = Debug|Win32
		{30C83087-8091-4D75-BCFF-9C0265F35056}.Release|Any CPU.ActiveCfg = Release|Win32
		{30C83087-8091-4D75-BCFF-9C0265F35056}.Release|Any CPU.Build.0 = Release|Win32
		{30C83087-8091-4D75-BCFF-9C0265F35056}.Release|x64.ActiveCfg = Release|x64
		{30C83087-8091-4D75-BCFF-9C0265F35056}.Release|x64.Build.0 = Release|x64
		{30C83087-8091-4D75-BCFF-9C0265F35056}.Release|x86.ActiveCfg = Release|Win32
		{30C83087-8091-4D75-BCFF-9C0265F35056}.Release|x86.Build.0 = Release|Win32
		{69CE0FB9-99CF-4A40-A0AB-E39F5050054E}.Debug|Any CPU.ActiveCfg = Debug|Any CPU
		{69CE0FB9-99CF-4A40-A0AB-E39F5050054E}.Debug|Any CPU.Build.0 = Debug|Any CPU
		{69CE0FB9-99CF-4A40-A0AB-E39F5050054E}.Debug|x64.ActiveCfg = Debug|Any CPU
		{69CE0FB9-99CF-4A40-A0AB-E39F5050054E}.Debug|x64.Build.0 = Debug|Any CPU
		{69CE0FB9-99CF-4A40-A0AB-E39F5050054E}.Debug|x86.ActiveCfg = Debug|Any CPU
		{69CE0FB9-99CF-4A40-A0AB-E39F5050054E}.Debug|x86.Build.0 = Debug|Any CPU
		{69CE0FB9-99CF-4A40-A0AB-E39F5050054E}.Release|Any CPU.ActiveCfg = Release|Any CPU
		{69CE0FB9-99CF-4A40-A0AB-E39F5050054E}.Release|Any CPU.Build.0 = Release|Any CPU
		{69CE0FB9-99CF-4A40-A0AB-E39F5050054E}.Release|x64.ActiveCfg = Release|Any CPU
		{69CE0FB9-99CF-4A40-A0AB-E39F5050054E}.Release|x64.Build.0 = Release|Any CPU
		{69CE0FB9-99CF-4A40-A0AB-E39F5050054E}.Release|x86.ActiveCfg = Release|Any CPU
		{69CE0FB9-99CF-4A40-A0AB-E39F5050054E}.Release|x86.Build.0 = Release|Any CPU
		{E444A304-AC8E-45EC-88F9-B0E06A09EE99}.Debug|Any CPU.ActiveCfg = Debug|Win32
		{E444A304-AC8E-45EC-88F9-B0E06A09EE99}.Debug|Any CPU.Build.0 = Debug|Win32
		{E444A304-AC8E-45EC-88F9-B0E06A09EE99}.Debug|x64.ActiveCfg = Debug|x64
		{E444A304-AC8E-45EC-88F9-B0E06A09EE99}.Debug|x64.Build.0 = Debug|x64
		{E444A304-AC8E-45EC-88F9-B0E06A09EE99}.Debug|x86.ActiveCfg = Debug|Win32
		{E444A304-AC8E-45EC-88F9-B0E06A09EE99}.Debug|x86.Build.0 = Debug|Win32
		{E444A304-AC8E-45EC-88F9-B0E06A09EE99}.Release|Any CPU.ActiveCfg = Release|Win32
		{E444A304-AC8E-45EC-88F9-B0E06A09EE99}.Release|x64.ActiveCfg = Release|x64
		{E444A304-AC8E-45EC-88F9-B0E06A09EE99}.Release|x64.Build.0 = Release|x64
		{E444A304-AC8E-45EC-88F9-B0E06A09EE99}.Release|x86.ActiveCfg = Release|Win32
		{E444A304-AC8E-45EC-88F9-B0E06A09EE99}.Release|x86.Build.0 = Release|Win32
	EndGlobalSection
	GlobalSection(SolutionProperties) = preSolution
		HideSolutionNode = FALSE
	EndGlobalSection
	GlobalSection(ExtensibilityGlobals) = postSolution
		SolutionGuid = {89603BE2-E2F0-4BD4-8163-7659939128F5}
	EndGlobalSection
EndGlobal
